
Microsoft Visual Studio Solution File, Format Version 12.00
# Visual Studio 15
VisualStudioVersion = 15.0.26124.0
MinimumVisualStudioVersion = 15.0.26124.0
Project("{2150E333-8FDC-42A3-9474-1A3956D46DE8}") = "src", "src", "{1AC36FF1-9401-4B21-B12F-03CB3A91F819}"
EndProject
Project("{FAE04EC0-301F-11D3-BF4B-00C04F79EFBC}") = "WebTty", "src\WebTty\WebTty.csproj", "{592E26E0-2750-44B5-89F1-DAD922F822AC}"
EndProject
Project("{FAE04EC0-301F-11D3-BF4B-00C04F79EFBC}") = "WebTty.Native", "src\WebTty.Native\WebTty.Native.csproj", "{F010F7AF-3F99-4AAE-9E17-0CBB9FF177F2}"
EndProject
Project("{FAE04EC0-301F-11D3-BF4B-00C04F79EFBC}") = "WebTty.UI", "src\WebTty.UI\WebTty.UI.csproj", "{8C451A9D-DA2F-4D60-AB8E-195025F2C917}"
EndProject
Project("{2150E333-8FDC-42A3-9474-1A3956D46DE8}") = "test", "test", "{13B4E4EF-A79B-4D2D-92FC-D1C0CAC1B3F2}"
EndProject
Project("{FAE04EC0-301F-11D3-BF4B-00C04F79EFBC}") = "WebTty.Test", "test\WebTty.Test\WebTty.Test.csproj", "{87FC964C-5A1C-43E7-B11D-CA6E272DC937}"
EndProject
Project("{FAE04EC0-301F-11D3-BF4B-00C04F79EFBC}") = "WebTty.Integration.Test", "test\WebTty.Integration.Test\WebTty.Integration.Test.csproj", "{B82FC5A5-E020-444D-8711-7AD05F4114CA}"
EndProject
Project("{9A19103F-16F7-4668-BE54-9A1E7A4F7556}") = "build", "tools\build\build.csproj", "{15A971F9-A50C-4A26-B3F0-B34440911549}"
EndProject
Project("{2150E333-8FDC-42A3-9474-1A3956D46DE8}") = "tools", "tools", "{FCC1AE54-B02D-4D67-9EB7-4C098A170B12}"
EndProject
Project("{FAE04EC0-301F-11D3-BF4B-00C04F79EFBC}") = "jsonschema", "tools\jsonschema\jsonschema.csproj", "{C2239F2F-440B-49E3-B3D9-1D6894375A95}"
EndProject
Global
	GlobalSection(SolutionConfigurationPlatforms) = preSolution
		Debug|Any CPU = Debug|Any CPU
		Debug|x64 = Debug|x64
		Debug|x86 = Debug|x86
		Release|Any CPU = Release|Any CPU
		Release|x64 = Release|x64
		Release|x86 = Release|x86
	EndGlobalSection
	GlobalSection(SolutionProperties) = preSolution
		HideSolutionNode = FALSE
	EndGlobalSection
	GlobalSection(ProjectConfigurationPlatforms) = postSolution
		{15A971F9-A50C-4A26-B3F0-B34440911549}.Debug|Any CPU.ActiveCfg = Debug|Any CPU
		{15A971F9-A50C-4A26-B3F0-B34440911549}.Release|Any CPU.ActiveCfg = Release|Any CPU
		{592E26E0-2750-44B5-89F1-DAD922F822AC}.Debug|Any CPU.ActiveCfg = Debug|Any CPU
		{592E26E0-2750-44B5-89F1-DAD922F822AC}.Debug|Any CPU.Build.0 = Debug|Any CPU
		{592E26E0-2750-44B5-89F1-DAD922F822AC}.Debug|x64.ActiveCfg = Debug|Any CPU
		{592E26E0-2750-44B5-89F1-DAD922F822AC}.Debug|x64.Build.0 = Debug|Any CPU
		{592E26E0-2750-44B5-89F1-DAD922F822AC}.Debug|x86.ActiveCfg = Debug|Any CPU
		{592E26E0-2750-44B5-89F1-DAD922F822AC}.Debug|x86.Build.0 = Debug|Any CPU
		{592E26E0-2750-44B5-89F1-DAD922F822AC}.Release|Any CPU.ActiveCfg = Release|Any CPU
		{592E26E0-2750-44B5-89F1-DAD922F822AC}.Release|Any CPU.Build.0 = Release|Any CPU
		{592E26E0-2750-44B5-89F1-DAD922F822AC}.Release|x64.ActiveCfg = Release|Any CPU
		{592E26E0-2750-44B5-89F1-DAD922F822AC}.Release|x64.Build.0 = Release|Any CPU
		{592E26E0-2750-44B5-89F1-DAD922F822AC}.Release|x86.ActiveCfg = Release|Any CPU
		{592E26E0-2750-44B5-89F1-DAD922F822AC}.Release|x86.Build.0 = Release|Any CPU
		{F010F7AF-3F99-4AAE-9E17-0CBB9FF177F2}.Debug|Any CPU.ActiveCfg = Debug|Any CPU
		{F010F7AF-3F99-4AAE-9E17-0CBB9FF177F2}.Debug|Any CPU.Build.0 = Debug|Any CPU
		{F010F7AF-3F99-4AAE-9E17-0CBB9FF177F2}.Debug|x64.ActiveCfg = Debug|Any CPU
		{F010F7AF-3F99-4AAE-9E17-0CBB9FF177F2}.Debug|x64.Build.0 = Debug|Any CPU
		{F010F7AF-3F99-4AAE-9E17-0CBB9FF177F2}.Debug|x86.ActiveCfg = Debug|Any CPU
		{F010F7AF-3F99-4AAE-9E17-0CBB9FF177F2}.Debug|x86.Build.0 = Debug|Any CPU
		{F010F7AF-3F99-4AAE-9E17-0CBB9FF177F2}.Release|Any CPU.ActiveCfg = Release|Any CPU
		{F010F7AF-3F99-4AAE-9E17-0CBB9FF177F2}.Release|Any CPU.Build.0 = Release|Any CPU
		{F010F7AF-3F99-4AAE-9E17-0CBB9FF177F2}.Release|x64.ActiveCfg = Release|Any CPU
		{F010F7AF-3F99-4AAE-9E17-0CBB9FF177F2}.Release|x64.Build.0 = Release|Any CPU
		{F010F7AF-3F99-4AAE-9E17-0CBB9FF177F2}.Release|x86.ActiveCfg = Release|Any CPU
		{F010F7AF-3F99-4AAE-9E17-0CBB9FF177F2}.Release|x86.Build.0 = Release|Any CPU
		{8C451A9D-DA2F-4D60-AB8E-195025F2C917}.Debug|Any CPU.ActiveCfg = Debug|Any CPU
		{8C451A9D-DA2F-4D60-AB8E-195025F2C917}.Debug|Any CPU.Build.0 = Debug|Any CPU
		{8C451A9D-DA2F-4D60-AB8E-195025F2C917}.Debug|x64.ActiveCfg = Debug|Any CPU
		{8C451A9D-DA2F-4D60-AB8E-195025F2C917}.Debug|x64.Build.0 = Debug|Any CPU
		{8C451A9D-DA2F-4D60-AB8E-195025F2C917}.Debug|x86.ActiveCfg = Debug|Any CPU
		{8C451A9D-DA2F-4D60-AB8E-195025F2C917}.Debug|x86.Build.0 = Debug|Any CPU
		{8C451A9D-DA2F-4D60-AB8E-195025F2C917}.Release|Any CPU.ActiveCfg = Release|Any CPU
		{8C451A9D-DA2F-4D60-AB8E-195025F2C917}.Release|Any CPU.Build.0 = Release|Any CPU
		{8C451A9D-DA2F-4D60-AB8E-195025F2C917}.Release|x64.ActiveCfg = Release|Any CPU
		{8C451A9D-DA2F-4D60-AB8E-195025F2C917}.Release|x64.Build.0 = Release|Any CPU
		{8C451A9D-DA2F-4D60-AB8E-195025F2C917}.Release|x86.ActiveCfg = Release|Any CPU
		{8C451A9D-DA2F-4D60-AB8E-195025F2C917}.Release|x86.Build.0 = Release|Any CPU
		{87FC964C-5A1C-43E7-B11D-CA6E272DC937}.Debug|Any CPU.ActiveCfg = Debug|Any CPU
		{87FC964C-5A1C-43E7-B11D-CA6E272DC937}.Debug|Any CPU.Build.0 = Debug|Any CPU
		{87FC964C-5A1C-43E7-B11D-CA6E272DC937}.Debug|x64.ActiveCfg = Debug|Any CPU
		{87FC964C-5A1C-43E7-B11D-CA6E272DC937}.Debug|x64.Build.0 = Debug|Any CPU
		{87FC964C-5A1C-43E7-B11D-CA6E272DC937}.Debug|x86.ActiveCfg = Debug|Any CPU
		{87FC964C-5A1C-43E7-B11D-CA6E272DC937}.Debug|x86.Build.0 = Debug|Any CPU
		{87FC964C-5A1C-43E7-B11D-CA6E272DC937}.Release|Any CPU.ActiveCfg = Release|Any CPU
		{87FC964C-5A1C-43E7-B11D-CA6E272DC937}.Release|Any CPU.Build.0 = Release|Any CPU
		{87FC964C-5A1C-43E7-B11D-CA6E272DC937}.Release|x64.ActiveCfg = Release|Any CPU
		{87FC964C-5A1C-43E7-B11D-CA6E272DC937}.Release|x64.Build.0 = Release|Any CPU
		{87FC964C-5A1C-43E7-B11D-CA6E272DC937}.Release|x86.ActiveCfg = Release|Any CPU
		{87FC964C-5A1C-43E7-B11D-CA6E272DC937}.Release|x86.Build.0 = Release|Any CPU
		{B82FC5A5-E020-444D-8711-7AD05F4114CA}.Debug|Any CPU.ActiveCfg = Debug|Any CPU
		{B82FC5A5-E020-444D-8711-7AD05F4114CA}.Debug|Any CPU.Build.0 = Debug|Any CPU
		{B82FC5A5-E020-444D-8711-7AD05F4114CA}.Debug|x64.ActiveCfg = Debug|Any CPU
		{B82FC5A5-E020-444D-8711-7AD05F4114CA}.Debug|x64.Build.0 = Debug|Any CPU
		{B82FC5A5-E020-444D-8711-7AD05F4114CA}.Debug|x86.ActiveCfg = Debug|Any CPU
		{B82FC5A5-E020-444D-8711-7AD05F4114CA}.Debug|x86.Build.0 = Debug|Any CPU
		{B82FC5A5-E020-444D-8711-7AD05F4114CA}.Release|Any CPU.ActiveCfg = Release|Any CPU
		{B82FC5A5-E020-444D-8711-7AD05F4114CA}.Release|Any CPU.Build.0 = Release|Any CPU
		{B82FC5A5-E020-444D-8711-7AD05F4114CA}.Release|x64.ActiveCfg = Release|Any CPU
		{B82FC5A5-E020-444D-8711-7AD05F4114CA}.Release|x64.Build.0 = Release|Any CPU
		{B82FC5A5-E020-444D-8711-7AD05F4114CA}.Release|x86.ActiveCfg = Release|Any CPU
		{B82FC5A5-E020-444D-8711-7AD05F4114CA}.Release|x86.Build.0 = Release|Any CPU
		{C2239F2F-440B-49E3-B3D9-1D6894375A95}.Debug|Any CPU.ActiveCfg = Debug|Any CPU
		{C2239F2F-440B-49E3-B3D9-1D6894375A95}.Debug|Any CPU.Build.0 = Debug|Any CPU
		{C2239F2F-440B-49E3-B3D9-1D6894375A95}.Debug|x64.ActiveCfg = Debug|Any CPU
		{C2239F2F-440B-49E3-B3D9-1D6894375A95}.Debug|x64.Build.0 = Debug|Any CPU
		{C2239F2F-440B-49E3-B3D9-1D6894375A95}.Debug|x86.ActiveCfg = Debug|Any CPU
		{C2239F2F-440B-49E3-B3D9-1D6894375A95}.Debug|x86.Build.0 = Debug|Any CPU
		{C2239F2F-440B-49E3-B3D9-1D6894375A95}.Release|Any CPU.ActiveCfg = Release|Any CPU
		{C2239F2F-440B-49E3-B3D9-1D6894375A95}.Release|Any CPU.Build.0 = Release|Any CPU
		{C2239F2F-440B-49E3-B3D9-1D6894375A95}.Release|x64.ActiveCfg = Release|Any CPU
		{C2239F2F-440B-49E3-B3D9-1D6894375A95}.Release|x64.Build.0 = Release|Any CPU
		{C2239F2F-440B-49E3-B3D9-1D6894375A95}.Release|x86.ActiveCfg = Release|Any CPU
		{C2239F2F-440B-49E3-B3D9-1D6894375A95}.Release|x86.Build.0 = Release|Any CPU
	EndGlobalSection
	GlobalSection(NestedProjects) = preSolution
		{592E26E0-2750-44B5-89F1-DAD922F822AC} = {1AC36FF1-9401-4B21-B12F-03CB3A91F819}
		{F010F7AF-3F99-4AAE-9E17-0CBB9FF177F2} = {1AC36FF1-9401-4B21-B12F-03CB3A91F819}
		{8C451A9D-DA2F-4D60-AB8E-195025F2C917} = {1AC36FF1-9401-4B21-B12F-03CB3A91F819}
		{87FC964C-5A1C-43E7-B11D-CA6E272DC937} = {13B4E4EF-A79B-4D2D-92FC-D1C0CAC1B3F2}
		{B82FC5A5-E020-444D-8711-7AD05F4114CA} = {13B4E4EF-A79B-4D2D-92FC-D1C0CAC1B3F2}
		{C2239F2F-440B-49E3-B3D9-1D6894375A95} = {FCC1AE54-B02D-4D67-9EB7-4C098A170B12}
	EndGlobalSection
EndGlobal
